
Microsoft Visual Studio Solution File, Format Version 11.00
# Visual Studio 2010
Project("{FAE04EC0-301F-11D3-BF4B-00C04F79EFBC}") = "WeighmentDashboard", "SiloReports\WeighmentDashboard.csproj", "{1EEB87A8-D70A-4CFC-946A-91D6A6C8FA4E}"
EndProject
Project("{54435603-DBB4-11D2-8724-00A0C9A8B90C}") = "AdminDashboard", "AdminDashboard\AdminDashboard.vdproj", "{50D3397F-56B9-4964-BE12-26F36D9F5D71}"
EndProject
Global
	GlobalSection(SolutionConfigurationPlatforms) = preSolution
		Debug|x86 = Debug|x86
		Release|x86 = Release|x86
	EndGlobalSection
	GlobalSection(ProjectConfigurationPlatforms) = postSolution
		{1EEB87A8-D70A-4CFC-946A-91D6A6C8FA4E}.Debug|x86.ActiveCfg = Debug|x86
		{1EEB87A8-D70A-4CFC-946A-91D6A6C8FA4E}.Debug|x86.Build.0 = Debug|x86
		{1EEB87A8-D70A-4CFC-946A-91D6A6C8FA4E}.Release|x86.ActiveCfg = Release|x86
		{1EEB87A8-D70A-4CFC-946A-91D6A6C8FA4E}.Release|x86.Build.0 = Release|x86
		{50D3397F-56B9-4964-BE12-26F36D9F5D71}.Debug|x86.ActiveCfg = Debug
		{50D3397F-56B9-4964-BE12-26F36D9F5D71}.Release|x86.ActiveCfg = Release
	EndGlobalSection
	GlobalSection(SolutionProperties) = preSolution
		HideSolutionNode = FALSE
	EndGlobalSection
EndGlobal
